
Microsoft Visual Studio Solution File, Format Version 12.00
# Visual Studio Version 16
VisualStudioVersion = 16.0.29820.132
MinimumVisualStudioVersion = 10.0.40219.1
Project("{9A19103F-16F7-4668-BE54-9A1E7A4F7556}") = "BlazorBusyLight", "BlazorBusyLight\BlazorBusyLight.csproj", "{8D1F1B56-3BA5-41A7-9048-ECC084A5F15B}"
EndProject
Project("{2150E333-8FDC-42A3-9474-1A3956D46DE8}") = "Solution Items", "Solution Items", "{FCFE1994-907E-46B1-84CF-4FD53221A3C8}"
	ProjectSection(SolutionItems) = preProject
		.github\workflows\build.yml = .github\workflows\build.yml
		.github\workflows\cicd.yml = .github\workflows\cicd.yml
	EndProjectSection
EndProject
Global
	GlobalSection(SolutionConfigurationPlatforms) = preSolution
		Debug|Any CPU = Debug|Any CPU
		Release|Any CPU = Release|Any CPU
	EndGlobalSection
	GlobalSection(ProjectConfigurationPlatforms) = postSolution
		{8D1F1B56-3BA5-41A7-9048-ECC084A5F15B}.Debug|Any CPU.ActiveCfg = Debug|Any CPU
		{8D1F1B56-3BA5-41A7-9048-ECC084A5F15B}.Debug|Any CPU.Build.0 = Debug|Any CPU
		{8D1F1B56-3BA5-41A7-9048-ECC084A5F15B}.Release|Any CPU.ActiveCfg = Release|Any CPU
		{8D1F1B56-3BA5-41A7-9048-ECC084A5F15B}.Release|Any CPU.Build.0 = Release|Any CPU
	EndGlobalSection
	GlobalSection(SolutionProperties) = preSolution
		HideSolutionNode = FALSE
	EndGlobalSection
	GlobalSection(ExtensibilityGlobals) = postSolution
		SolutionGuid = {1FB50A0B-7278-4E55-A5D5-D49EAA71C8C7}
	EndGlobalSection
EndGlobal
